
Microsoft Visual Studio Solution File, Format Version 12.00
# Visual Studio Version 17
VisualStudioVersion = 17.4.32804.182
MinimumVisualStudioVersion = 10.0.40219.1
Project("{9A19103F-16F7-4668-BE54-9A1E7A4F7556}") = "YuukiPS Launcher", "YuukiPS Launcher.csproj", "{86545A50-9989-4497-B156-FAB161BBD5B4}"
EndProject
Global
	GlobalSection(SolutionConfigurationPlatforms) = preSolution
		Debug|Any CPU = Debug|Any CPU
		Debug|x64 = Debug|x64
		Release|Any CPU = Release|Any CPU
		Release|x64 = Release|x64
	EndGlobalSection
	GlobalSection(ProjectConfigurationPlatforms) = postSolution
		{86545A50-9989-4497-B156-FAB161BBD5B4}.Debug|Any CPU.ActiveCfg = Debug|Any CPU
		{86545A50-9989-4497-B156-FAB161BBD5B4}.Debug|Any CPU.Build.0 = Debug|Any CPU
		{86545A50-9989-4497-B156-FAB161BBD5B4}.Debug|x64.ActiveCfg = Debug|x64
		{86545A50-9989-4497-B156-FAB161BBD5B4}.Debug|x64.Build.0 = Debug|x64
		{86545A50-9989-4497-B156-FAB161BBD5B4}.Release|Any CPU.ActiveCfg = Release|Any CPU
		{86545A50-9989-4497-B156-FAB161BBD5B4}.Release|Any CPU.Build.0 = Release|Any CPU
		{86545A50-9989-4497-B156-FAB161BBD5B4}.Release|x64.ActiveCfg = Release|x64
		{86545A50-9989-4497-B156-FAB161BBD5B4}.Release|x64.Build.0 = Release|x64
	EndGlobalSection
	GlobalSection(SolutionProperties) = preSolution
		HideSolutionNode = FALSE
	EndGlobalSection
	GlobalSection(ExtensibilityGlobals) = postSolution
		SolutionGuid = {02E261BF-B6D7-4972-8642-230554A2FF60}
	EndGlobalSection
EndGlobal
